
Microsoft Visual Studio Solution File, Format Version 12.00
# Visual Studio 15
VisualStudioVersion = 15.0.28010.2036
MinimumVisualStudioVersion = 10.0.40219.1
Project("{FAE04EC0-301F-11D3-BF4B-00C04F79EFBC}") = "Assignment7", "Assignment7\Assignment7.csproj", "{7AFB04BA-734A-4841-8165-6D289C7BFAD1}"
EndProject
Global
	GlobalSection(SolutionConfigurationPlatforms) = preSolution
		Debug|Any CPU = Debug|Any CPU
		Release|Any CPU = Release|Any CPU
	EndGlobalSection
	GlobalSection(ProjectConfigurationPlatforms) = postSolution
		{7AFB04BA-734A-4841-8165-6D289C7BFAD1}.Debug|Any CPU.ActiveCfg = Debug|Any CPU
		{7AFB04BA-734A-4841-8165-6D289C7BFAD1}.Debug|Any CPU.Build.0 = Debug|Any CPU
		{7AFB04BA-734A-4841-8165-6D289C7BFAD1}.Release|Any CPU.ActiveCfg = Release|Any CPU
		{7AFB04BA-734A-4841-8165-6D289C7BFAD1}.Release|Any CPU.Build.0 = Release|Any CPU
	EndGlobalSection
	GlobalSection(SolutionProperties) = preSolution
		HideSolutionNode = FALSE
	EndGlobalSection
	GlobalSection(ExtensibilityGlobals) = postSolution
		SolutionGuid = {50614A60-CFF5-4F9A-A931-286B7FC27127}
	EndGlobalSection
EndGlobal
